// !$*UTF8*$!
{
	archiveVersion = 1;
	classes = {
	};
	objectVersion = 46;
	objects = {

/* Begin PBXBuildFile section */
		081205FA1C56FA94000CD428 /* main.m in Sources */ = {isa = PBXBuildFile; fileRef = 081205F91C56FA94000CD428 /* main.m */; };
		081205FD1C56FA94000CD428 /* AppDelegate.m in Sources */ = {isa = PBXBuildFile; fileRef = 081205FC1C56FA94000CD428 /* AppDelegate.m */; };
		081206001C56FA94000CD428 /* GameScene.m in Sources */ = {isa = PBXBuildFile; fileRef = 081205FF1C56FA94000CD428 /* GameScene.m */; };
		081206021C56FA94000CD428 /* GameScene.sks in Resources */ = {isa = PBXBuildFile; fileRef = 081206011C56FA94000CD428 /* GameScene.sks */; };
		081206051C56FA94000CD428 /* GameViewController.m in Sources */ = {isa = PBXBuildFile; fileRef = 081206041C56FA94000CD428 /* GameViewController.m */; };
		081206081C56FA94000CD428 /* Main.storyboard in Resources */ = {isa = PBXBuildFile; fileRef = 081206061C56FA94000CD428 /* Main.storyboard */; };
		0812060A1C56FA94000CD428 /* Assets.xcassets in Resources */ = {isa = PBXBuildFile; fileRef = 081206091C56FA94000CD428 /* Assets.xcassets */; };
		0812060D1C56FA94000CD428 /* LaunchScreen.storyboard in Resources */ = {isa = PBXBuildFile; fileRef = 0812060B1C56FA94000CD428 /* LaunchScreen.storyboard */; };
		1C4545671C571C8000321192 /* BEEBaseObject.m in Sources */ = {isa = PBXBuildFile; fileRef = 1C4545661C571C8000321192 /* BEEBaseObject.m */; };
		1C45456A1C571EF300321192 /* BEEPlayer.m in Sources */ = {isa = PBXBuildFile; fileRef = 1C4545691C571EF300321192 /* BEEPlayer.m */; };
		1C45456D1C571F7000321192 /* BEEBaseTouchable.m in Sources */ = {isa = PBXBuildFile; fileRef = 1C45456C1C571F7000321192 /* BEEBaseTouchable.m */; };
		1C4545731C571FBE00321192 /* BEEMonster.m in Sources */ = {isa = PBXBuildFile; fileRef = 1C4545721C571FBE00321192 /* BEEMonster.m */; };
		1C4545761C5722AF00321192 /* BEEItem.m in Sources */ = {isa = PBXBuildFile; fileRef = 1C4545751C5722AF00321192 /* BEEItem.m */; };
		1C8C68431C5C1A6E00D10A67 /* BEESharedPreferences.m in Sources */ = {isa = PBXBuildFile; fileRef = 1C8C68421C5C1A6E00D10A67 /* BEESharedPreferences.m */; };
		1C8C68461C5C1BC700D10A67 /* BEEBackground.m in Sources */ = {isa = PBXBuildFile; fileRef = 1C8C68451C5C1BC700D10A67 /* BEEBackground.m */; };
		1C8C68491C5C277100D10A67 /* BEESharedPreferencesHelper.m in Sources */ = {isa = PBXBuildFile; fileRef = 1C8C68481C5C277100D10A67 /* BEESharedPreferencesHelper.m */; };
		1CE591D01C77C4E5005F8D77 /* AVFoundation.framework in Frameworks */ = {isa = PBXBuildFile; fileRef = 1CE591CF1C77C4E5005F8D77 /* AVFoundation.framework */; };
		1CF394631C64279400315B09 /* BEEAudioHelper.m in Sources */ = {isa = PBXBuildFile; fileRef = 1CF394621C64279400315B09 /* BEEAudioHelper.m */; };
		5E6A51F41C596CA700084A0C /* bee_fly.mp3 in Resources */ = {isa = PBXBuildFile; fileRef = 5E6A51F31C596CA700084A0C /* bee_fly.mp3 */; };
		5E9E66C31C58332B0054CB3D /* player_hit_ground.mp3 in Resources */ = {isa = PBXBuildFile; fileRef = 5E9E66BF1C58332B0054CB3D /* player_hit_ground.mp3 */; };
		5E9E66C41C58332B0054CB3D /* player_hit_monster.mp3 in Resources */ = {isa = PBXBuildFile; fileRef = 5E9E66C01C58332B0054CB3D /* player_hit_monster.mp3 */; };
		5E9E66C51C58332B0054CB3D /* player_score.mp3 in Resources */ = {isa = PBXBuildFile; fileRef = 5E9E66C11C58332B0054CB3D /* player_score.mp3 */; };
		5E9E66C61C58332B0054CB3D /* player_special_score.mp3 in Resources */ = {isa = PBXBuildFile; fileRef = 5E9E66C21C58332B0054CB3D /* player_special_score.mp3 */; };
		5EAA3A3B1C5C3A3A008B934D /* background_two.mp3 in Resources */ = {isa = PBXBuildFile; fileRef = 5EAA3A3A1C5C3A3A008B934D /* background_two.mp3 */; };
		5ED15A191C5AD6AD00641C9E /* background_one.mp3 in Resources */ = {isa = PBXBuildFile; fileRef = 5ED15A181C5AD6AD00641C9E /* background_one.mp3 */; };
		5EF2AE711C641B0A00729D1F /* background_three.mp3 in Resources */ = {isa = PBXBuildFile; fileRef = 5EF2AE701C641B0A00729D1F /* background_three.mp3 */; };
		68A0DAE91C58231A000C7297 /* BEESessionHelper.m in Sources */ = {isa = PBXBuildFile; fileRef = 68A0DAE81C58231A000C7297 /* BEESessionHelper.m */; };
		68A0DAEB1C582378000C7297 /* Strings.strings in Resources */ = {isa = PBXBuildFile; fileRef = 68A0DAEA1C582378000C7297 /* Strings.strings */; };
		68BD09171C60265C00997700 /* BEEUtilitiesHelper.m in Sources */ = {isa = PBXBuildFile; fileRef = 68BD09161C60265C00997700 /* BEEUtilitiesHelper.m */; };
		68F7A0921C59758F0099D836 /* BEEMainView.m in Sources */ = {isa = PBXBuildFile; fileRef = 68F7A0911C59758F0099D836 /* BEEMainView.m */; };
		68F7A0981C5989A00099D836 /* BEEScoreView.m in Sources */ = {isa = PBXBuildFile; fileRef = 68F7A0971C5989A00099D836 /* BEEScoreView.m */; };
		68F7A0A11C598A150099D836 /* BEESettingsView.m in Sources */ = {isa = PBXBuildFile; fileRef = 68F7A0A01C598A150099D836 /* BEESettingsView.m */; };
		68F7A0A41C598A4C0099D836 /* BEENewGameView.m in Sources */ = {isa = PBXBuildFile; fileRef = 68F7A0A31C598A4C0099D836 /* BEENewGameView.m */; };
		68FE95B81C76A3ED00C43665 /* BEEInfoView.m in Sources */ = {isa = PBXBuildFile; fileRef = 68FE95B71C76A3ED00C43665 /* BEEInfoView.m */; };
/* End PBXBuildFile section */

/* Begin PBXFileReference section */
		081205F51C56FA94000CD428 /* beezy-bee.app */ = {isa = PBXFileReference; explicitFileType = wrapper.application; includeInIndex = 0; path = "beezy-bee.app"; sourceTree = BUILT_PRODUCTS_DIR; };
		081205F91C56FA94000CD428 /* main.m */ = {isa = PBXFileReference; lastKnownFileType = sourcecode.c.objc; path = main.m; sourceTree = "<group>"; };
		081205FB1C56FA94000CD428 /* AppDelegate.h */ = {isa = PBXFileReference; lastKnownFileType = sourcecode.c.h; path = AppDelegate.h; sourceTree = "<group>"; };
		081205FC1C56FA94000CD428 /* AppDelegate.m */ = {isa = PBXFileReference; lastKnownFileType = sourcecode.c.objc; path = AppDelegate.m; sourceTree = "<group>"; };
		081205FE1C56FA94000CD428 /* GameScene.h */ = {isa = PBXFileReference; lastKnownFileType = sourcecode.c.h; path = GameScene.h; sourceTree = "<group>"; };
		081205FF1C56FA94000CD428 /* GameScene.m */ = {isa = PBXFileReference; lastKnownFileType = sourcecode.c.objc; path = GameScene.m; sourceTree = "<group>"; };
		081206011C56FA94000CD428 /* GameScene.sks */ = {isa = PBXFileReference; lastKnownFileType = file.sks; path = GameScene.sks; sourceTree = "<group>"; };
		081206031C56FA94000CD428 /* GameViewController.h */ = {isa = PBXFileReference; lastKnownFileType = sourcecode.c.h; path = GameViewController.h; sourceTree = "<group>"; };
		081206041C56FA94000CD428 /* GameViewController.m */ = {isa = PBXFileReference; lastKnownFileType = sourcecode.c.objc; path = GameViewController.m; sourceTree = "<group>"; };
		081206071C56FA94000CD428 /* Base */ = {isa = PBXFileReference; lastKnownFileType = file.storyboard; name = Base; path = Base.lproj/Main.storyboard; sourceTree = "<group>"; };
		081206091C56FA94000CD428 /* Assets.xcassets */ = {isa = PBXFileReference; lastKnownFileType = folder.assetcatalog; path = Assets.xcassets; sourceTree = "<group>"; };
		0812060C1C56FA94000CD428 /* Base */ = {isa = PBXFileReference; lastKnownFileType = file.storyboard; name = Base; path = Base.lproj/LaunchScreen.storyboard; sourceTree = "<group>"; };
		0812060E1C56FA94000CD428 /* Info.plist */ = {isa = PBXFileReference; lastKnownFileType = text.plist.xml; path = Info.plist; sourceTree = "<group>"; };
		1C4545651C571C8000321192 /* BEEBaseObject.h */ = {isa = PBXFileReference; fileEncoding = 4; lastKnownFileType = sourcecode.c.h; name = BEEBaseObject.h; path = Base/BEEBaseObject.h; sourceTree = "<group>"; };
		1C4545661C571C8000321192 /* BEEBaseObject.m */ = {isa = PBXFileReference; fileEncoding = 4; lastKnownFileType = sourcecode.c.objc; name = BEEBaseObject.m; path = Base/BEEBaseObject.m; sourceTree = "<group>"; };
		1C4545681C571EF300321192 /* BEEPlayer.h */ = {isa = PBXFileReference; fileEncoding = 4; lastKnownFileType = sourcecode.c.h; name = BEEPlayer.h; path = Base/BEEPlayer.h; sourceTree = "<group>"; };
		1C4545691C571EF300321192 /* BEEPlayer.m */ = {isa = PBXFileReference; fileEncoding = 4; lastKnownFileType = sourcecode.c.objc; name = BEEPlayer.m; path = Base/BEEPlayer.m; sourceTree = "<group>"; };
		1C45456B1C571F7000321192 /* BEEBaseTouchable.h */ = {isa = PBXFileReference; fileEncoding = 4; lastKnownFileType = sourcecode.c.h; name = BEEBaseTouchable.h; path = Base/BEEBaseTouchable.h; sourceTree = "<group>"; };
		1C45456C1C571F7000321192 /* BEEBaseTouchable.m */ = {isa = PBXFileReference; fileEncoding = 4; lastKnownFileType = sourcecode.c.objc; name = BEEBaseTouchable.m; path = Base/BEEBaseTouchable.m; sourceTree = "<group>"; };
		1C4545711C571FBE00321192 /* BEEMonster.h */ = {isa = PBXFileReference; fileEncoding = 4; lastKnownFileType = sourcecode.c.h; name = BEEMonster.h; path = Base/BEEMonster.h; sourceTree = "<group>"; };
		1C4545721C571FBE00321192 /* BEEMonster.m */ = {isa = PBXFileReference; fileEncoding = 4; lastKnownFileType = sourcecode.c.objc; name = BEEMonster.m; path = Base/BEEMonster.m; sourceTree = "<group>"; };
		1C4545741C5722AF00321192 /* BEEItem.h */ = {isa = PBXFileReference; fileEncoding = 4; lastKnownFileType = sourcecode.c.h; name = BEEItem.h; path = Base/BEEItem.h; sourceTree = "<group>"; };
		1C4545751C5722AF00321192 /* BEEItem.m */ = {isa = PBXFileReference; fileEncoding = 4; lastKnownFileType = sourcecode.c.objc; name = BEEItem.m; path = Base/BEEItem.m; sourceTree = "<group>"; };
		1C8C68411C5C1A6E00D10A67 /* BEESharedPreferences.h */ = {isa = PBXFileReference; fileEncoding = 4; lastKnownFileType = sourcecode.c.h; name = BEESharedPreferences.h; path = Utilities/BEESharedPreferences.h; sourceTree = "<group>"; };
		1C8C68421C5C1A6E00D10A67 /* BEESharedPreferences.m */ = {isa = PBXFileReference; fileEncoding = 4; lastKnownFileType = sourcecode.c.objc; name = BEESharedPreferences.m; path = Utilities/BEESharedPreferences.m; sourceTree = "<group>"; };
		1C8C68441C5C1BC700D10A67 /* BEEBackground.h */ = {isa = PBXFileReference; fileEncoding = 4; lastKnownFileType = sourcecode.c.h; name = BEEBackground.h; path = Base/BEEBackground.h; sourceTree = "<group>"; };
		1C8C68451C5C1BC700D10A67 /* BEEBackground.m */ = {isa = PBXFileReference; fileEncoding = 4; lastKnownFileType = sourcecode.c.objc; name = BEEBackground.m; path = Base/BEEBackground.m; sourceTree = "<group>"; };
		1C8C68471C5C277100D10A67 /* BEESharedPreferencesHelper.h */ = {isa = PBXFileReference; fileEncoding = 4; lastKnownFileType = sourcecode.c.h; name = BEESharedPreferencesHelper.h; path = Utilities/BEESharedPreferencesHelper.h; sourceTree = "<group>"; };
		1C8C68481C5C277100D10A67 /* BEESharedPreferencesHelper.m */ = {isa = PBXFileReference; fileEncoding = 4; lastKnownFileType = sourcecode.c.objc; name = BEESharedPreferencesHelper.m; path = Utilities/BEESharedPreferencesHelper.m; sourceTree = "<group>"; };
		1CE591CF1C77C4E5005F8D77 /* AVFoundation.framework */ = {isa = PBXFileReference; lastKnownFileType = wrapper.framework; name = AVFoundation.framework; path = System/Library/Frameworks/AVFoundation.framework; sourceTree = SDKROOT; };
		1CF394611C64279400315B09 /* BEEAudioHelper.h */ = {isa = PBXFileReference; fileEncoding = 4; lastKnownFileType = sourcecode.c.h; name = BEEAudioHelper.h; path = Utilities/BEEAudioHelper.h; sourceTree = "<group>"; };
		1CF394621C64279400315B09 /* BEEAudioHelper.m */ = {isa = PBXFileReference; fileEncoding = 4; lastKnownFileType = sourcecode.c.objc; name = BEEAudioHelper.m; path = Utilities/BEEAudioHelper.m; sourceTree = "<group>"; };
		5E6A51F31C596CA700084A0C /* bee_fly.mp3 */ = {isa = PBXFileReference; lastKnownFileType = audio.mp3; name = bee_fly.mp3; path = Audio/bee_fly.mp3; sourceTree = "<group>"; };
		5E9E66BF1C58332B0054CB3D /* player_hit_ground.mp3 */ = {isa = PBXFileReference; lastKnownFileType = audio.mp3; name = player_hit_ground.mp3; path = Audio/player_hit_ground.mp3; sourceTree = "<group>"; };
		5E9E66C01C58332B0054CB3D /* player_hit_monster.mp3 */ = {isa = PBXFileReference; lastKnownFileType = audio.mp3; name = player_hit_monster.mp3; path = Audio/player_hit_monster.mp3; sourceTree = "<group>"; };
		5E9E66C11C58332B0054CB3D /* player_score.mp3 */ = {isa = PBXFileReference; lastKnownFileType = audio.mp3; name = player_score.mp3; path = Audio/player_score.mp3; sourceTree = "<group>"; };
		5E9E66C21C58332B0054CB3D /* player_special_score.mp3 */ = {isa = PBXFileReference; lastKnownFileType = audio.mp3; name = player_special_score.mp3; path = Audio/player_special_score.mp3; sourceTree = "<group>"; };
		5EAA3A3A1C5C3A3A008B934D /* background_two.mp3 */ = {isa = PBXFileReference; lastKnownFileType = audio.mp3; name = background_two.mp3; path = Audio/background_two.mp3; sourceTree = "<group>"; };
		5ED15A181C5AD6AD00641C9E /* background_one.mp3 */ = {isa = PBXFileReference; lastKnownFileType = audio.mp3; name = background_one.mp3; path = Audio/background_one.mp3; sourceTree = "<group>"; };
		5EF2AE701C641B0A00729D1F /* background_three.mp3 */ = {isa = PBXFileReference; lastKnownFileType = audio.mp3; name = background_three.mp3; path = Audio/background_three.mp3; sourceTree = "<group>"; };
		68A0DAE71C58231A000C7297 /* BEESessionHelper.h */ = {isa = PBXFileReference; fileEncoding = 4; lastKnownFileType = sourcecode.c.h; name = BEESessionHelper.h; path = Utilities/BEESessionHelper.h; sourceTree = "<group>"; };
		68A0DAE81C58231A000C7297 /* BEESessionHelper.m */ = {isa = PBXFileReference; fileEncoding = 4; lastKnownFileType = sourcecode.c.objc; name = BEESessionHelper.m; path = Utilities/BEESessionHelper.m; sourceTree = "<group>"; };
		68A0DAEA1C582378000C7297 /* Strings.strings */ = {isa = PBXFileReference; fileEncoding = 4; lastKnownFileType = text.plist.strings; path = Strings.strings; sourceTree = "<group>"; };
		68BD09151C60265C00997700 /* BEEUtilitiesHelper.h */ = {isa = PBXFileReference; fileEncoding = 4; lastKnownFileType = sourcecode.c.h; name = BEEUtilitiesHelper.h; path = Utilities/BEEUtilitiesHelper.h; sourceTree = "<group>"; };
		68BD09161C60265C00997700 /* BEEUtilitiesHelper.m */ = {isa = PBXFileReference; fileEncoding = 4; lastKnownFileType = sourcecode.c.objc; name = BEEUtilitiesHelper.m; path = Utilities/BEEUtilitiesHelper.m; sourceTree = "<group>"; };
		68F7A0901C59758F0099D836 /* BEEMainView.h */ = {isa = PBXFileReference; fileEncoding = 4; lastKnownFileType = sourcecode.c.h; name = BEEMainView.h; path = Views/BEEMainView.h; sourceTree = "<group>"; };
		68F7A0911C59758F0099D836 /* BEEMainView.m */ = {isa = PBXFileReference; fileEncoding = 4; lastKnownFileType = sourcecode.c.objc; name = BEEMainView.m; path = Views/BEEMainView.m; sourceTree = "<group>"; };
		68F7A0961C5989A00099D836 /* BEEScoreView.h */ = {isa = PBXFileReference; fileEncoding = 4; lastKnownFileType = sourcecode.c.h; name = BEEScoreView.h; path = Views/BEEScoreView.h; sourceTree = "<group>"; };
		68F7A0971C5989A00099D836 /* BEEScoreView.m */ = {isa = PBXFileReference; fileEncoding = 4; lastKnownFileType = sourcecode.c.objc; name = BEEScoreView.m; path = Views/BEEScoreView.m; sourceTree = "<group>"; };
		68F7A09F1C598A150099D836 /* BEESettingsView.h */ = {isa = PBXFileReference; fileEncoding = 4; lastKnownFileType = sourcecode.c.h; name = BEESettingsView.h; path = Views/BEESettingsView.h; sourceTree = "<group>"; };
		68F7A0A01C598A150099D836 /* BEESettingsView.m */ = {isa = PBXFileReference; fileEncoding = 4; lastKnownFileType = sourcecode.c.objc; name = BEESettingsView.m; path = Views/BEESettingsView.m; sourceTree = "<group>"; };
		68F7A0A21C598A4C0099D836 /* BEENewGameView.h */ = {isa = PBXFileReference; fileEncoding = 4; lastKnownFileType = sourcecode.c.h; name = BEENewGameView.h; path = Views/BEENewGameView.h; sourceTree = "<group>"; };
		68F7A0A31C598A4C0099D836 /* BEENewGameView.m */ = {isa = PBXFileReference; fileEncoding = 4; lastKnownFileType = sourcecode.c.objc; name = BEENewGameView.m; path = Views/BEENewGameView.m; sourceTree = "<group>"; };
		68FE95B61C76A3ED00C43665 /* BEEInfoView.h */ = {isa = PBXFileReference; fileEncoding = 4; lastKnownFileType = sourcecode.c.h; name = BEEInfoView.h; path = Views/BEEInfoView.h; sourceTree = "<group>"; };
		68FE95B71C76A3ED00C43665 /* BEEInfoView.m */ = {isa = PBXFileReference; fileEncoding = 4; lastKnownFileType = sourcecode.c.objc; name = BEEInfoView.m; path = Views/BEEInfoView.m; sourceTree = "<group>"; };
/* End PBXFileReference section */

/* Begin PBXFrameworksBuildPhase section */
		081205F21C56FA94000CD428 /* Frameworks */ = {
			isa = PBXFrameworksBuildPhase;
			buildActionMask = 2147483647;
			files = (
				1CE591D01C77C4E5005F8D77 /* AVFoundation.framework in Frameworks */,
			);
			runOnlyForDeploymentPostprocessing = 0;
		};
/* End PBXFrameworksBuildPhase section */

/* Begin PBXGroup section */
		081205EC1C56FA93000CD428 = {
			isa = PBXGroup;
			children = (
				1CE591CF1C77C4E5005F8D77 /* AVFoundation.framework */,
				081205F71C56FA94000CD428 /* beezy-bee */,
				081205F61C56FA94000CD428 /* Products */,
			);
			sourceTree = "<group>";
		};
		081205F61C56FA94000CD428 /* Products */ = {
			isa = PBXGroup;
			children = (
				081205F51C56FA94000CD428 /* beezy-bee.app */,
			);
			name = Products;
			sourceTree = "<group>";
		};
		081205F71C56FA94000CD428 /* beezy-bee */ = {
			isa = PBXGroup;
			children = (
				68A0DAEC1C5861A8000C7297 /* Views */,
				5E9E66BE1C58322A0054CB3D /* Audio */,
				68A0DAE61C5822E8000C7297 /* Utilities */,
				1C4545641C571B9B00321192 /* Base */,
				081205FB1C56FA94000CD428 /* AppDelegate.h */,
				081205FC1C56FA94000CD428 /* AppDelegate.m */,
				081205FE1C56FA94000CD428 /* GameScene.h */,
				081205FF1C56FA94000CD428 /* GameScene.m */,
				081206011C56FA94000CD428 /* GameScene.sks */,
				081206031C56FA94000CD428 /* GameViewController.h */,
				081206041C56FA94000CD428 /* GameViewController.m */,
				081206061C56FA94000CD428 /* Main.storyboard */,
				081206091C56FA94000CD428 /* Assets.xcassets */,
				0812060B1C56FA94000CD428 /* LaunchScreen.storyboard */,
				0812060E1C56FA94000CD428 /* Info.plist */,
				081205F81C56FA94000CD428 /* Supporting Files */,
				68A0DAEA1C582378000C7297 /* Strings.strings */,
			);
			path = "beezy-bee";
			sourceTree = "<group>";
		};
		081205F81C56FA94000CD428 /* Supporting Files */ = {
			isa = PBXGroup;
			children = (
				081205F91C56FA94000CD428 /* main.m */,
			);
			name = "Supporting Files";
			sourceTree = "<group>";
		};
		1C4545641C571B9B00321192 /* Base */ = {
			isa = PBXGroup;
			children = (
				1C4545651C571C8000321192 /* BEEBaseObject.h */,
				1C4545661C571C8000321192 /* BEEBaseObject.m */,
				1C4545681C571EF300321192 /* BEEPlayer.h */,
				1C4545691C571EF300321192 /* BEEPlayer.m */,
				1C45456B1C571F7000321192 /* BEEBaseTouchable.h */,
				1C45456C1C571F7000321192 /* BEEBaseTouchable.m */,
				1C4545711C571FBE00321192 /* BEEMonster.h */,
				1C4545721C571FBE00321192 /* BEEMonster.m */,
				1C4545741C5722AF00321192 /* BEEItem.h */,
				1C4545751C5722AF00321192 /* BEEItem.m */,
				1C8C68441C5C1BC700D10A67 /* BEEBackground.h */,
				1C8C68451C5C1BC700D10A67 /* BEEBackground.m */,
			);
			name = Base;
			sourceTree = "<group>";
		};
		5E9E66BE1C58322A0054CB3D /* Audio */ = {
			isa = PBXGroup;
			children = (
				5EF2AE701C641B0A00729D1F /* background_three.mp3 */,
				5EAA3A3A1C5C3A3A008B934D /* background_two.mp3 */,
				5ED15A181C5AD6AD00641C9E /* background_one.mp3 */,
				5E9E66BF1C58332B0054CB3D /* player_hit_ground.mp3 */,
				5E9E66C01C58332B0054CB3D /* player_hit_monster.mp3 */,
				5E9E66C11C58332B0054CB3D /* player_score.mp3 */,
				5E9E66C21C58332B0054CB3D /* player_special_score.mp3 */,
				5E6A51F31C596CA700084A0C /* bee_fly.mp3 */,
			);
			name = Audio;
			sourceTree = "<group>";
		};
		68A0DAE61C5822E8000C7297 /* Utilities */ = {
			isa = PBXGroup;
			children = (
				68A0DAE71C58231A000C7297 /* BEESessionHelper.h */,
				68A0DAE81C58231A000C7297 /* BEESessionHelper.m */,
				1C8C68411C5C1A6E00D10A67 /* BEESharedPreferences.h */,
				1C8C68421C5C1A6E00D10A67 /* BEESharedPreferences.m */,
				1C8C68471C5C277100D10A67 /* BEESharedPreferencesHelper.h */,
				1C8C68481C5C277100D10A67 /* BEESharedPreferencesHelper.m */,
				68BD09151C60265C00997700 /* BEEUtilitiesHelper.h */,
				68BD09161C60265C00997700 /* BEEUtilitiesHelper.m */,
				1CF394611C64279400315B09 /* BEEAudioHelper.h */,
				1CF394621C64279400315B09 /* BEEAudioHelper.m */,
			);
			name = Utilities;
			sourceTree = "<group>";
		};
		68A0DAEC1C5861A8000C7297 /* Views */ = {
			isa = PBXGroup;
			children = (
				68F7A0901C59758F0099D836 /* BEEMainView.h */,
				68F7A0911C59758F0099D836 /* BEEMainView.m */,
				68F7A0961C5989A00099D836 /* BEEScoreView.h */,
				68F7A0971C5989A00099D836 /* BEEScoreView.m */,
				68F7A09F1C598A150099D836 /* BEESettingsView.h */,
				68F7A0A01C598A150099D836 /* BEESettingsView.m */,
				68F7A0A21C598A4C0099D836 /* BEENewGameView.h */,
				68F7A0A31C598A4C0099D836 /* BEENewGameView.m */,
				68FE95B61C76A3ED00C43665 /* BEEInfoView.h */,
				68FE95B71C76A3ED00C43665 /* BEEInfoView.m */,
			);
			name = Views;
			sourceTree = "<group>";
		};
/* End PBXGroup section */

/* Begin PBXNativeTarget section */
		081205F41C56FA94000CD428 /* beezy-bee */ = {
			isa = PBXNativeTarget;
			buildConfigurationList = 081206111C56FA94000CD428 /* Build configuration list for PBXNativeTarget "beezy-bee" */;
			buildPhases = (
				081205F11C56FA94000CD428 /* Sources */,
				081205F21C56FA94000CD428 /* Frameworks */,
				081205F31C56FA94000CD428 /* Resources */,
			);
			buildRules = (
			);
			dependencies = (
			);
			name = "beezy-bee";
			productName = "beezy-bee";
			productReference = 081205F51C56FA94000CD428 /* beezy-bee.app */;
			productType = "com.apple.product-type.application";
		};
/* End PBXNativeTarget section */

/* Begin PBXProject section */
		081205ED1C56FA93000CD428 /* Project object */ = {
			isa = PBXProject;
			attributes = {
				LastUpgradeCheck = 0720;
				ORGANIZATIONNAME = "Ideia do Luiz";
				TargetAttributes = {
					081205F41C56FA94000CD428 = {
						CreatedOnToolsVersion = 7.2;
						DevelopmentTeam = SXSRVAX2S3;
					};
				};
			};
			buildConfigurationList = 081205F01C56FA94000CD428 /* Build configuration list for PBXProject "beezy-bee" */;
			compatibilityVersion = "Xcode 3.2";
			developmentRegion = English;
			hasScannedForEncodings = 0;
			knownRegions = (
				en,
				Base,
			);
			mainGroup = 081205EC1C56FA93000CD428;
			productRefGroup = 081205F61C56FA94000CD428 /* Products */;
			projectDirPath = "";
			projectRoot = "";
			targets = (
				081205F41C56FA94000CD428 /* beezy-bee */,
			);
		};
/* End PBXProject section */

/* Begin PBXResourcesBuildPhase section */
		081205F31C56FA94000CD428 /* Resources */ = {
			isa = PBXResourcesBuildPhase;
			buildActionMask = 2147483647;
			files = (
				081206021C56FA94000CD428 /* GameScene.sks in Resources */,
				0812060D1C56FA94000CD428 /* LaunchScreen.storyboard in Resources */,
				0812060A1C56FA94000CD428 /* Assets.xcassets in Resources */,
				5ED15A191C5AD6AD00641C9E /* background_one.mp3 in Resources */,
				5E9E66C41C58332B0054CB3D /* player_hit_monster.mp3 in Resources */,
				68A0DAEB1C582378000C7297 /* Strings.strings in Resources */,
				5E9E66C61C58332B0054CB3D /* player_special_score.mp3 in Resources */,
				5EF2AE711C641B0A00729D1F /* background_three.mp3 in Resources */,
				5E9E66C31C58332B0054CB3D /* player_hit_ground.mp3 in Resources */,
				5E6A51F41C596CA700084A0C /* bee_fly.mp3 in Resources */,
				5EAA3A3B1C5C3A3A008B934D /* background_two.mp3 in Resources */,
				5E9E66C51C58332B0054CB3D /* player_score.mp3 in Resources */,
				081206081C56FA94000CD428 /* Main.storyboard in Resources */,
			);
			runOnlyForDeploymentPostprocessing = 0;
		};
/* End PBXResourcesBuildPhase section */

/* Begin PBXSourcesBuildPhase section */
		081205F11C56FA94000CD428 /* Sources */ = {
			isa = PBXSourcesBuildPhase;
			buildActionMask = 2147483647;
			files = (
				1C4545671C571C8000321192 /* BEEBaseObject.m in Sources */,
				1C8C68491C5C277100D10A67 /* BEESharedPreferencesHelper.m in Sources */,
				1C45456A1C571EF300321192 /* BEEPlayer.m in Sources */,
				081206051C56FA94000CD428 /* GameViewController.m in Sources */,
				1C4545731C571FBE00321192 /* BEEMonster.m in Sources */,
				081205FD1C56FA94000CD428 /* AppDelegate.m in Sources */,
				68A0DAE91C58231A000C7297 /* BEESessionHelper.m in Sources */,
				1C8C68461C5C1BC700D10A67 /* BEEBackground.m in Sources */,
				1C4545761C5722AF00321192 /* BEEItem.m in Sources */,
				1CF394631C64279400315B09 /* BEEAudioHelper.m in Sources */,
				68F7A0921C59758F0099D836 /* BEEMainView.m in Sources */,
				68F7A0A11C598A150099D836 /* BEESettingsView.m in Sources */,
				1C8C68431C5C1A6E00D10A67 /* BEESharedPreferences.m in Sources */,
				081206001C56FA94000CD428 /* GameScene.m in Sources */,
				68F7A0981C5989A00099D836 /* BEEScoreView.m in Sources */,
				68FE95B81C76A3ED00C43665 /* BEEInfoView.m in Sources */,
				1C45456D1C571F7000321192 /* BEEBaseTouchable.m in Sources */,
				68BD09171C60265C00997700 /* BEEUtilitiesHelper.m in Sources */,
				68F7A0A41C598A4C0099D836 /* BEENewGameView.m in Sources */,
				081205FA1C56FA94000CD428 /* main.m in Sources */,
			);
			runOnlyForDeploymentPostprocessing = 0;
		};
/* End PBXSourcesBuildPhase section */

/* Begin PBXVariantGroup section */
		081206061C56FA94000CD428 /* Main.storyboard */ = {
			isa = PBXVariantGroup;
			children = (
				081206071C56FA94000CD428 /* Base */,
			);
			name = Main.storyboard;
			sourceTree = "<group>";
		};
		0812060B1C56FA94000CD428 /* LaunchScreen.storyboard */ = {
			isa = PBXVariantGroup;
			children = (
				0812060C1C56FA94000CD428 /* Base */,
			);
			name = LaunchScreen.storyboard;
			sourceTree = "<group>";
		};
/* End PBXVariantGroup section */

/* Begin XCBuildConfiguration section */
		0812060F1C56FA94000CD428 /* Debug */ = {
			isa = XCBuildConfiguration;
			buildSettings = {
				ALWAYS_SEARCH_USER_PATHS = NO;
				CLANG_CXX_LANGUAGE_STANDARD = "gnu++0x";
				CLANG_CXX_LIBRARY = "libc++";
				CLANG_ENABLE_MODULES = YES;
				CLANG_ENABLE_OBJC_ARC = YES;
				CLANG_WARN_BOOL_CONVERSION = YES;
				CLANG_WARN_CONSTANT_CONVERSION = YES;
				CLANG_WARN_DIRECT_OBJC_ISA_USAGE = YES_ERROR;
				CLANG_WARN_EMPTY_BODY = YES;
				CLANG_WARN_ENUM_CONVERSION = YES;
				CLANG_WARN_INT_CONVERSION = YES;
				CLANG_WARN_OBJC_ROOT_CLASS = YES_ERROR;
				CLANG_WARN_UNREACHABLE_CODE = YES;
				CLANG_WARN__DUPLICATE_METHOD_MATCH = YES;
				"CODE_SIGN_IDENTITY[sdk=iphoneos*]" = "iPhone Developer";
				COPY_PHASE_STRIP = NO;
				DEBUG_INFORMATION_FORMAT = "dwarf-with-dsym";
				ENABLE_STRICT_OBJC_MSGSEND = YES;
				ENABLE_TESTABILITY = YES;
				GCC_C_LANGUAGE_STANDARD = gnu99;
				GCC_DYNAMIC_NO_PIC = NO;
				GCC_NO_COMMON_BLOCKS = YES;
				GCC_OPTIMIZATION_LEVEL = 0;
				GCC_PREPROCESSOR_DEFINITIONS = (
					"DEBUG=1",
					"$(inherited)",
				);
				GCC_WARN_64_TO_32_BIT_CONVERSION = YES;
				GCC_WARN_ABOUT_RETURN_TYPE = YES_ERROR;
				GCC_WARN_UNDECLARED_SELECTOR = YES;
				GCC_WARN_UNINITIALIZED_AUTOS = YES_AGGRESSIVE;
				GCC_WARN_UNUSED_FUNCTION = YES;
				GCC_WARN_UNUSED_VARIABLE = YES;
				IPHONEOS_DEPLOYMENT_TARGET = 9.2;
				MTL_ENABLE_DEBUG_INFO = YES;
				ONLY_ACTIVE_ARCH = YES;
				SDKROOT = iphoneos;
				TARGETED_DEVICE_FAMILY = "1,2";
			};
			name = Debug;
		};
		081206101C56FA94000CD428 /* Release */ = {
			isa = XCBuildConfiguration;
			buildSettings = {
				ALWAYS_SEARCH_USER_PATHS = NO;
				CLANG_CXX_LANGUAGE_STANDARD = "gnu++0x";
				CLANG_CXX_LIBRARY = "libc++";
				CLANG_ENABLE_MODULES = YES;
				CLANG_ENABLE_OBJC_ARC = YES;
				CLANG_WARN_BOOL_CONVERSION = YES;
				CLANG_WARN_CONSTANT_CONVERSION = YES;
				CLANG_WARN_DIRECT_OBJC_ISA_USAGE = YES_ERROR;
				CLANG_WARN_EMPTY_BODY = YES;
				CLANG_WARN_ENUM_CONVERSION = YES;
				CLANG_WARN_INT_CONVERSION = YES;
				CLANG_WARN_OBJC_ROOT_CLASS = YES_ERROR;
				CLANG_WARN_UNREACHABLE_CODE = YES;
				CLANG_WARN__DUPLICATE_METHOD_MATCH = YES;
				"CODE_SIGN_IDENTITY[sdk=iphoneos*]" = "iPhone Developer";
				COPY_PHASE_STRIP = NO;
				DEBUG_INFORMATION_FORMAT = "dwarf-with-dsym";
				ENABLE_NS_ASSERTIONS = NO;
				ENABLE_STRICT_OBJC_MSGSEND = YES;
				GCC_C_LANGUAGE_STANDARD = gnu99;
				GCC_NO_COMMON_BLOCKS = YES;
				GCC_WARN_64_TO_32_BIT_CONVERSION = YES;
				GCC_WARN_ABOUT_RETURN_TYPE = YES_ERROR;
				GCC_WARN_UNDECLARED_SELECTOR = YES;
				GCC_WARN_UNINITIALIZED_AUTOS = YES_AGGRESSIVE;
				GCC_WARN_UNUSED_FUNCTION = YES;
				GCC_WARN_UNUSED_VARIABLE = YES;
				IPHONEOS_DEPLOYMENT_TARGET = 9.2;
				MTL_ENABLE_DEBUG_INFO = NO;
				SDKROOT = iphoneos;
				TARGETED_DEVICE_FAMILY = "1,2";
				VALIDATE_PRODUCT = YES;
			};
			name = Release;
		};
		081206121C56FA94000CD428 /* Debug */ = {
			isa = XCBuildConfiguration;
			buildSettings = {
				ASSETCATALOG_COMPILER_APPICON_NAME = AppIcon;
				CODE_SIGN_IDENTITY = "iPhone Developer";
				"CODE_SIGN_IDENTITY[sdk=iphoneos*]" = "iPhone Developer";
				DEBUG_INFORMATION_FORMAT = dwarf;
				INFOPLIST_FILE = "beezy-bee/Info.plist";
				LD_RUNPATH_SEARCH_PATHS = "$(inherited) @executable_path/Frameworks";
				PRODUCT_BUNDLE_IDENTIFIER = com.ideiadoluiz.bee;
				PRODUCT_NAME = "$(TARGET_NAME)";
				PROVISIONING_PROFILE = "";
				TARGETED_DEVICE_FAMILY = 1;
			};
			name = Debug;
		};
		081206131C56FA94000CD428 /* Release */ = {
			isa = XCBuildConfiguration;
			buildSettings = {
				ASSETCATALOG_COMPILER_APPICON_NAME = AppIcon;
				CODE_SIGN_IDENTITY = "iPhone Developer";
				"CODE_SIGN_IDENTITY[sdk=iphoneos*]" = "iPhone Developer";
				DEBUG_INFORMATION_FORMAT = dwarf;
				INFOPLIST_FILE = "beezy-bee/Info.plist";
				LD_RUNPATH_SEARCH_PATHS = "$(inherited) @executable_path/Frameworks";
				PRODUCT_BUNDLE_IDENTIFIER = com.ideiadoluiz.bee;
				PRODUCT_NAME = "$(TARGET_NAME)";
				PROVISIONING_PROFILE = "";
				TARGETED_DEVICE_FAMILY = 1;
			};
			name = Release;
		};
/* End XCBuildConfiguration section */

/* Begin XCConfigurationList section */
		081205F01C56FA94000CD428 /* Build configuration list for PBXProject "beezy-bee" */ = {
			isa = XCConfigurationList;
			buildConfigurations = (
				0812060F1C56FA94000CD428 /* Debug */,
				081206101C56FA94000CD428 /* Release */,
			);
			defaultConfigurationIsVisible = 0;
			defaultConfigurationName = Release;
		};
		081206111C56FA94000CD428 /* Build configuration list for PBXNativeTarget "beezy-bee" */ = {
			isa = XCConfigurationList;
			buildConfigurations = (
				081206121C56FA94000CD428 /* Debug */,
				081206131C56FA94000CD428 /* Release */,
			);
			defaultConfigurationIsVisible = 0;
			defaultConfigurationName = Release;
		};
/* End XCConfigurationList section */
	};
	rootObject = 081205ED1C56FA93000CD428 /* Project object */;
}
